
Microsoft Visual Studio Solution File, Format Version 12.00
# Visual Studio Version 16
VisualStudioVersion = 16.0.31402.337
MinimumVisualStudioVersion = 10.0.40219.1
Project("{9A19103F-16F7-4668-BE54-9A1E7A4F7556}") = "SingletonPattern", "SingletonPattern\SingletonPattern.csproj", "{91380954-42FA-4144-AC97-2AEC9C6C26D5}"
EndProject
Project("{9A19103F-16F7-4668-BE54-9A1E7A4F7556}") = "StrategyPattern", "StrategyPattern\StrategyPattern.csproj", "{E831D313-0F07-44FF-B4B7-4F7A02D0B73F}"
EndProject
Project("{9A19103F-16F7-4668-BE54-9A1E7A4F7556}") = "StatePattern", "StatePattern\StatePattern.csproj", "{22875B71-0218-46DD-BEDC-E94E07F9B502}"
EndProject
Project("{2150E333-8FDC-42A3-9474-1A3956D46DE8}") = "Solution Items", "Solution Items", "{AA71EAFC-678D-4BDB-B2A4-93C111232F40}"
	ProjectSection(SolutionItems) = preProject
		Class Diagram.drawio = Class Diagram.drawio
	EndProjectSection
EndProject
Project("{9A19103F-16F7-4668-BE54-9A1E7A4F7556}") = "CommandPattern", "CommandPattern\CommandPattern.csproj", "{E7CC17E6-8E0C-4B2D-92D5-E1B49992EB96}"
EndProject
Project("{9A19103F-16F7-4668-BE54-9A1E7A4F7556}") = "AdapterPattern", "AdapterPattern\AdapterPattern.csproj", "{A5AAA664-5611-4645-A656-036C20B18E05}"
EndProject
Project("{FAE04EC0-301F-11D3-BF4B-00C04F79EFBC}") = "ProxyPattern", "ProxyPattern\ProxyPattern.csproj", "{9BE660ED-322D-4948-B65D-8920509AC87F}"
EndProject
Global
	GlobalSection(SolutionConfigurationPlatforms) = preSolution
		Debug|Any CPU = Debug|Any CPU
		Release|Any CPU = Release|Any CPU
	EndGlobalSection
	GlobalSection(ProjectConfigurationPlatforms) = postSolution
		{91380954-42FA-4144-AC97-2AEC9C6C26D5}.Debug|Any CPU.ActiveCfg = Debug|Any CPU
		{91380954-42FA-4144-AC97-2AEC9C6C26D5}.Debug|Any CPU.Build.0 = Debug|Any CPU
		{91380954-42FA-4144-AC97-2AEC9C6C26D5}.Release|Any CPU.ActiveCfg = Release|Any CPU
		{91380954-42FA-4144-AC97-2AEC9C6C26D5}.Release|Any CPU.Build.0 = Release|Any CPU
		{E831D313-0F07-44FF-B4B7-4F7A02D0B73F}.Debug|Any CPU.ActiveCfg = Debug|Any CPU
		{E831D313-0F07-44FF-B4B7-4F7A02D0B73F}.Debug|Any CPU.Build.0 = Debug|Any CPU
		{E831D313-0F07-44FF-B4B7-4F7A02D0B73F}.Release|Any CPU.ActiveCfg = Release|Any CPU
		{E831D313-0F07-44FF-B4B7-4F7A02D0B73F}.Release|Any CPU.Build.0 = Release|Any CPU
		{22875B71-0218-46DD-BEDC-E94E07F9B502}.Debug|Any CPU.ActiveCfg = Debug|Any CPU
		{22875B71-0218-46DD-BEDC-E94E07F9B502}.Debug|Any CPU.Build.0 = Debug|Any CPU
		{22875B71-0218-46DD-BEDC-E94E07F9B502}.Release|Any CPU.ActiveCfg = Release|Any CPU
		{22875B71-0218-46DD-BEDC-E94E07F9B502}.Release|Any CPU.Build.0 = Release|Any CPU
		{E7CC17E6-8E0C-4B2D-92D5-E1B49992EB96}.Debug|Any CPU.ActiveCfg = Debug|Any CPU
		{E7CC17E6-8E0C-4B2D-92D5-E1B49992EB96}.Debug|Any CPU.Build.0 = Debug|Any CPU
		{E7CC17E6-8E0C-4B2D-92D5-E1B49992EB96}.Release|Any CPU.ActiveCfg = Release|Any CPU
		{E7CC17E6-8E0C-4B2D-92D5-E1B49992EB96}.Release|Any CPU.Build.0 = Release|Any CPU
		{A5AAA664-5611-4645-A656-036C20B18E05}.Debug|Any CPU.ActiveCfg = Debug|Any CPU
		{A5AAA664-5611-4645-A656-036C20B18E05}.Debug|Any CPU.Build.0 = Debug|Any CPU
		{A5AAA664-5611-4645-A656-036C20B18E05}.Release|Any CPU.ActiveCfg = Release|Any CPU
		{A5AAA664-5611-4645-A656-036C20B18E05}.Release|Any CPU.Build.0 = Release|Any CPU
		{9BE660ED-322D-4948-B65D-8920509AC87F}.Debug|Any CPU.ActiveCfg = Debug|Any CPU
		{9BE660ED-322D-4948-B65D-8920509AC87F}.Debug|Any CPU.Build.0 = Debug|Any CPU
		{9BE660ED-322D-4948-B65D-8920509AC87F}.Release|Any CPU.ActiveCfg = Release|Any CPU
		{9BE660ED-322D-4948-B65D-8920509AC87F}.Release|Any CPU.Build.0 = Release|Any CPU
	EndGlobalSection
	GlobalSection(SolutionProperties) = preSolution
		HideSolutionNode = FALSE
	EndGlobalSection
	GlobalSection(ExtensibilityGlobals) = postSolution
		SolutionGuid = {F02BB63D-1923-4F9C-9386-E540FB2AE60B}
	EndGlobalSection
EndGlobal
